
Microsoft Visual Studio Solution File, Format Version 12.00
# Visual Studio Version 17
VisualStudioVersion = 17.1.32328.378
MinimumVisualStudioVersion = 10.0.40219.1
Project("{FAE04EC0-301F-11D3-BF4B-00C04F79EFBC}") = "Narudzbina", "Narudzbina.csproj", "{B8C70854-DD79-4E96-ABAC-1B20C8535663}"
EndProject
Global
	GlobalSection(SolutionConfigurationPlatforms) = preSolution
		Debug|Any CPU = Debug|Any CPU
		Release|Any CPU = Release|Any CPU
	EndGlobalSection
	GlobalSection(ProjectConfigurationPlatforms) = postSolution
		{B8C70854-DD79-4E96-ABAC-1B20C8535663}.Debug|Any CPU.ActiveCfg = Debug|Any CPU
		{B8C70854-DD79-4E96-ABAC-1B20C8535663}.Debug|Any CPU.Build.0 = Debug|Any CPU
		{B8C70854-DD79-4E96-ABAC-1B20C8535663}.Release|Any CPU.ActiveCfg = Release|Any CPU
		{B8C70854-DD79-4E96-ABAC-1B20C8535663}.Release|Any CPU.Build.0 = Release|Any CPU
	EndGlobalSection
	GlobalSection(SolutionProperties) = preSolution
		HideSolutionNode = FALSE
	EndGlobalSection
	GlobalSection(ExtensibilityGlobals) = postSolution
		SolutionGuid = {26665B23-CAB3-4E89-8654-49903AD1D742}
	EndGlobalSection
EndGlobal
